// !$*UTF8*$!
{
	archiveVersion = 1;
	classes = {
	};
	objectVersion = 46;
	objects = {

/* Begin PBXBuildFile section */
		706B4AA41AB568EA0062BCFD /* AppDelegate.swift in Sources */ = {isa = PBXBuildFile; fileRef = 706B4AA31AB568EA0062BCFD /* AppDelegate.swift */; };
		706B4AA61AB568EA0062BCFD /* ViewController.swift in Sources */ = {isa = PBXBuildFile; fileRef = 706B4AA51AB568EA0062BCFD /* ViewController.swift */; };
		706B4AA91AB568EA0062BCFD /* Main.storyboard in Resources */ = {isa = PBXBuildFile; fileRef = 706B4AA71AB568EA0062BCFD /* Main.storyboard */; };
		706B4AAB1AB568EA0062BCFD /* Images.xcassets in Resources */ = {isa = PBXBuildFile; fileRef = 706B4AAA1AB568EA0062BCFD /* Images.xcassets */; };
		706B4AAE1AB568EA0062BCFD /* LaunchScreen.xib in Resources */ = {isa = PBXBuildFile; fileRef = 706B4AAC1AB568EA0062BCFD /* LaunchScreen.xib */; };
		706B4ABA1AB568EA0062BCFD /* calculator_2Tests.swift in Sources */ = {isa = PBXBuildFile; fileRef = 706B4AB91AB568EA0062BCFD /* calculator_2Tests.swift */; };
/* End PBXBuildFile section */

/* Begin PBXContainerItemProxy section */
		706B4AB41AB568EA0062BCFD /* PBXContainerItemProxy */ = {
			isa = PBXContainerItemProxy;
			containerPortal = 706B4A961AB568EA0062BCFD /* Project object */;
			proxyType = 1;
			remoteGlobalIDString = 706B4A9D1AB568EA0062BCFD;
			remoteInfo = calculator_2;
		};
/* End PBXContainerItemProxy section */

/* Begin PBXFileReference section */
		706B4A9E1AB568EA0062BCFD /* calculator_2.app */ = {isa = PBXFileReference; explicitFileType = wrapper.application; includeInIndex = 0; path = calculator_2.app; sourceTree = BUILT_PRODUCTS_DIR; };
		706B4AA21AB568EA0062BCFD /* Info.plist */ = {isa = PBXFileReference; lastKnownFileType = text.plist.xml; path = Info.plist; sourceTree = "<group>"; };
		706B4AA31AB568EA0062BCFD /* AppDelegate.swift */ = {isa = PBXFileReference; lastKnownFileType = sourcecode.swift; path = AppDelegate.swift; sourceTree = "<group>"; };
		706B4AA51AB568EA0062BCFD /* ViewController.swift */ = {isa = PBXFileReference; lastKnownFileType = sourcecode.swift; path = ViewController.swift; sourceTree = "<group>"; };
		706B4AA81AB568EA0062BCFD /* Base */ = {isa = PBXFileReference; lastKnownFileType = file.storyboard; name = Base; path = Base.lproj/Main.storyboard; sourceTree = "<group>"; };
		706B4AAA1AB568EA0062BCFD /* Images.xcassets */ = {isa = PBXFileReference; lastKnownFileType = folder.assetcatalog; path = Images.xcassets; sourceTree = "<group>"; };
		706B4AAD1AB568EA0062BCFD /* Base */ = {isa = PBXFileReference; lastKnownFileType = file.xib; name = Base; path = Base.lproj/LaunchScreen.xib; sourceTree = "<group>"; };
		706B4AB31AB568EA0062BCFD /* calculator_2Tests.xctest */ = {isa = PBXFileReference; explicitFileType = wrapper.cfbundle; includeInIndex = 0; path = calculator_2Tests.xctest; sourceTree = BUILT_PRODUCTS_DIR; };
		706B4AB81AB568EA0062BCFD /* Info.plist */ = {isa = PBXFileReference; lastKnownFileType = text.plist.xml; path = Info.plist; sourceTree = "<group>"; };
		706B4AB91AB568EA0062BCFD /* calculator_2Tests.swift */ = {isa = PBXFileReference; lastKnownFileType = sourcecode.swift; path = calculator_2Tests.swift; sourceTree = "<group>"; };
/* End PBXFileReference section */

/* Begin PBXFrameworksBuildPhase section */
		706B4A9B1AB568EA0062BCFD /* Frameworks */ = {
			isa = PBXFrameworksBuildPhase;
			buildActionMask = 2147483647;
			files = (
			);
			runOnlyForDeploymentPostprocessing = 0;
		};
		706B4AB01AB568EA0062BCFD /* Frameworks */ = {
			isa = PBXFrameworksBuildPhase;
			buildActionMask = 2147483647;
			files = (
			);
			runOnlyForDeploymentPostprocessing = 0;
		};
/* End PBXFrameworksBuildPhase section */

/* Begin PBXGroup section */
		706B4A951AB568EA0062BCFD = {
			isa = PBXGroup;
			children = (
				706B4AA01AB568EA0062BCFD /* calculator_2 */,
				706B4AB61AB568EA0062BCFD /* calculator_2Tests */,
				706B4A9F1AB568EA0062BCFD /* Products */,
			);
			sourceTree = "<group>";
		};
		706B4A9F1AB568EA0062BCFD /* Products */ = {
			isa = PBXGroup;
			children = (
				706B4A9E1AB568EA0062BCFD /* calculator_2.app */,
				706B4AB31AB568EA0062BCFD /* calculator_2Tests.xctest */,
			);
			name = Products;
			sourceTree = "<group>";
		};
		706B4AA01AB568EA0062BCFD /* calculator_2 */ = {
			isa = PBXGroup;
			children = (
				706B4AA31AB568EA0062BCFD /* AppDelegate.swift */,
				706B4AA51AB568EA0062BCFD /* ViewController.swift */,
				706B4AA71AB568EA0062BCFD /* Main.storyboard */,
				706B4AAA1AB568EA0062BCFD /* Images.xcassets */,
				706B4AAC1AB568EA0062BCFD /* LaunchScreen.xib */,
				706B4AA11AB568EA0062BCFD /* Supporting Files */,
			);
			path = calculator_2;
			sourceTree = "<group>";
		};
		706B4AA11AB568EA0062BCFD /* Supporting Files */ = {
			isa = PBXGroup;
			children = (
				706B4AA21AB568EA0062BCFD /* Info.plist */,
			);
			name = "Supporting Files";
			sourceTree = "<group>";
		};
		706B4AB61AB568EA0062BCFD /* calculator_2Tests */ = {
			isa = PBXGroup;
			children = (
				706B4AB91AB568EA0062BCFD /* calculator_2Tests.swift */,
				706B4AB71AB568EA0062BCFD /* Supporting Files */,
			);
			path = calculator_2Tests;
			sourceTree = "<group>";
		};
		706B4AB71AB568EA0062BCFD /* Supporting Files */ = {
			isa = PBXGroup;
			children = (
				706B4AB81AB568EA0062BCFD /* Info.plist */,
			);
			name = "Supporting Files";
			sourceTree = "<group>";
		};
/* End PBXGroup section */

/* Begin PBXNativeTarget section */
		706B4A9D1AB568EA0062BCFD /* calculator_2 */ = {
			isa = PBXNativeTarget;
			buildConfigurationList = 706B4ABD1AB568EA0062BCFD /* Build configuration list for PBXNativeTarget "calculator_2" */;
			buildPhases = (
				706B4A9A1AB568EA0062BCFD /* Sources */,
				706B4A9B1AB568EA0062BCFD /* Frameworks */,
				706B4A9C1AB568EA0062BCFD /* Resources */,
			);
			buildRules = (
			);
			dependencies = (
			);
			name = calculator_2;
			productName = calculator_2;
			productReference = 706B4A9E1AB568EA0062BCFD /* calculator_2.app */;
			productType = "com.apple.product-type.application";
		};
		706B4AB21AB568EA0062BCFD /* calculator_2Tests */ = {
			isa = PBXNativeTarget;
			buildConfigurationList = 706B4AC01AB568EA0062BCFD /* Build configuration list for PBXNativeTarget "calculator_2Tests" */;
			buildPhases = (
				706B4AAF1AB568EA0062BCFD /* Sources */,
				706B4AB01AB568EA0062BCFD /* Frameworks */,
				706B4AB11AB568EA0062BCFD /* Resources */,
			);
			buildRules = (
			);
			dependencies = (
				706B4AB51AB568EA0062BCFD /* PBXTargetDependency */,
			);
			name = calculator_2Tests;
			productName = calculator_2Tests;
			productReference = 706B4AB31AB568EA0062BCFD /* calculator_2Tests.xctest */;
			productType = "com.apple.product-type.bundle.unit-test";
		};
/* End PBXNativeTarget section */

/* Begin PBXProject section */
		706B4A961AB568EA0062BCFD /* Project object */ = {
			isa = PBXProject;
			attributes = {
				LastUpgradeCheck = 0620;
				ORGANIZATIONNAME = yoonwonsang;
				TargetAttributes = {
					706B4A9D1AB568EA0062BCFD = {
						CreatedOnToolsVersion = 6.2;
					};
					706B4AB21AB568EA0062BCFD = {
						CreatedOnToolsVersion = 6.2;
						TestTargetID = 706B4A9D1AB568EA0062BCFD;
					};
				};
			};
			buildConfigurationList = 706B4A991AB568EA0062BCFD /* Build configuration list for PBXProject "calculator_2" */;
			compatibilityVersion = "Xcode 3.2";
			developmentRegion = English;
			hasScannedForEncodings = 0;
			knownRegions = (
				en,
				Base,
			);
			mainGroup = 706B4A951AB568EA0062BCFD;
			productRefGroup = 706B4A9F1AB568EA0062BCFD /* Products */;
			projectDirPath = "";
			projectRoot = "";
			targets = (
				706B4A9D1AB568EA0062BCFD /* calculator_2 */,
				706B4AB21AB568EA0062BCFD /* calculator_2Tests */,
			);
		};
/* End PBXProject section */

/* Begin PBXResourcesBuildPhase section */
		706B4A9C1AB568EA0062BCFD /* Resources */ = {
			isa = PBXResourcesBuildPhase;
			buildActionMask = 2147483647;
			files = (
				706B4AA91AB568EA0062BCFD /* Main.storyboard in Resources */,
				706B4AAE1AB568EA0062BCFD /* LaunchScreen.xib in Resources */,
				706B4AAB1AB568EA0062BCFD /* Images.xcassets in Resources */,
			);
			runOnlyForDeploymentPostprocessing = 0;
		};
		706B4AB11AB568EA0062BCFD /* Resources */ = {
			isa = PBXResourcesBuildPhase;
			buildActionMask = 2147483647;
			files = (
			);
			runOnlyForDeploymentPostprocessing = 0;
		};
/* End PBXResourcesBuildPhase section */

/* Begin PBXSourcesBuildPhase section */
		706B4A9A1AB568EA0062BCFD /* Sources */ = {
			isa = PBXSourcesBuildPhase;
			buildActionMask = 2147483647;
			files = (
				706B4AA61AB568EA0062BCFD /* ViewController.swift in Sources */,
				706B4AA41AB568EA0062BCFD /* AppDelegate.swift in Sources */,
			);
			runOnlyForDeploymentPostprocessing = 0;
		};
		706B4AAF1AB568EA0062BCFD /* Sources */ = {
			isa = PBXSourcesBuildPhase;
			buildActionMask = 2147483647;
			files = (
				706B4ABA1AB568EA0062BCFD /* calculator_2Tests.swift in Sources */,
			);
			runOnlyForDeploymentPostprocessing = 0;
		};
/* End PBXSourcesBuildPhase section */

/* Begin PBXTargetDependency section */
		706B4AB51AB568EA0062BCFD /* PBXTargetDependency */ = {
			isa = PBXTargetDependency;
			target = 706B4A9D1AB568EA0062BCFD /* calculator_2 */;
			targetProxy = 706B4AB41AB568EA0062BCFD /* PBXContainerItemProxy */;
		};
/* End PBXTargetDependency section */

/* Begin PBXVariantGroup section */
		706B4AA71AB568EA0062BCFD /* Main.storyboard */ = {
			isa = PBXVariantGroup;
			children = (
				706B4AA81AB568EA0062BCFD /* Base */,
			);
			name = Main.storyboard;
			sourceTree = "<group>";
		};
		706B4AAC1AB568EA0062BCFD /* LaunchScreen.xib */ = {
			isa = PBXVariantGroup;
			children = (
				706B4AAD1AB568EA0062BCFD /* Base */,
			);
			name = LaunchScreen.xib;
			sourceTree = "<group>";
		};
/* End PBXVariantGroup section */

/* Begin XCBuildConfiguration section */
		706B4ABB1AB568EA0062BCFD /* Debug */ = {
			isa = XCBuildConfiguration;
			buildSettings = {
				ALWAYS_SEARCH_USER_PATHS = NO;
				CLANG_CXX_LANGUAGE_STANDARD = "gnu++0x";
				CLANG_CXX_LIBRARY = "libc++";
				CLANG_ENABLE_MODULES = YES;
				CLANG_ENABLE_OBJC_ARC = YES;
				CLANG_WARN_BOOL_CONVERSION = YES;
				CLANG_WARN_CONSTANT_CONVERSION = YES;
				CLANG_WARN_DIRECT_OBJC_ISA_USAGE = YES_ERROR;
				CLANG_WARN_EMPTY_BODY = YES;
				CLANG_WARN_ENUM_CONVERSION = YES;
				CLANG_WARN_INT_CONVERSION = YES;
				CLANG_WARN_OBJC_ROOT_CLASS = YES_ERROR;
				CLANG_WARN_UNREACHABLE_CODE = YES;
				CLANG_WARN__DUPLICATE_METHOD_MATCH = YES;
				"CODE_SIGN_IDENTITY[sdk=iphoneos*]" = "iPhone Developer";
				COPY_PHASE_STRIP = NO;
				ENABLE_STRICT_OBJC_MSGSEND = YES;
				GCC_C_LANGUAGE_STANDARD = gnu99;
				GCC_DYNAMIC_NO_PIC = NO;
				GCC_OPTIMIZATION_LEVEL = 0;
				GCC_PREPROCESSOR_DEFINITIONS = (
					"DEBUG=1",
					"$(inherited)",
				);
				GCC_SYMBOLS_PRIVATE_EXTERN = NO;
				GCC_WARN_64_TO_32_BIT_CONVERSION = YES;
				GCC_WARN_ABOUT_RETURN_TYPE = YES_ERROR;
				GCC_WARN_UNDECLARED_SELECTOR = YES;
				GCC_WARN_UNINITIALIZED_AUTOS = YES_AGGRESSIVE;
				GCC_WARN_UNUSED_FUNCTION = YES;
				GCC_WARN_UNUSED_VARIABLE = YES;
				IPHONEOS_DEPLOYMENT_TARGET = 8.2;
				MTL_ENABLE_DEBUG_INFO = YES;
				ONLY_ACTIVE_ARCH = YES;
				SDKROOT = iphoneos;
				SWIFT_OPTIMIZATION_LEVEL = "-Onone";
				TARGETED_DEVICE_FAMILY = "1,2";
			};
			name = Debug;
		};
		706B4ABC1AB568EA0062BCFD /* Release */ = {
			isa = XCBuildConfiguration;
			buildSettings = {
				ALWAYS_SEARCH_USER_PATHS = NO;
				CLANG_CXX_LANGUAGE_STANDARD = "gnu++0x";
				CLANG_CXX_LIBRARY = "libc++";
				CLANG_ENABLE_MODULES = YES;
				CLANG_ENABLE_OBJC_ARC = YES;
				CLANG_WARN_BOOL_CONVERSION = YES;
				CLANG_WARN_CONSTANT_CONVERSION = YES;
				CLANG_WARN_DIRECT_OBJC_ISA_USAGE = YES_ERROR;
				CLANG_WARN_EMPTY_BODY = YES;
				CLANG_WARN_ENUM_CONVERSION = YES;
				CLANG_WARN_INT_CONVERSION = YES;
				CLANG_WARN_OBJC_ROOT_CLASS = YES_ERROR;
				CLANG_WARN_UNREACHABLE_CODE = YES;
				CLANG_WARN__DUPLICATE_METHOD_MATCH = YES;
				"CODE_SIGN_IDENTITY[sdk=iphoneos*]" = "iPhone Developer";
				COPY_PHASE_STRIP = NO;
				ENABLE_NS_ASSERTIONS = NO;
				ENABLE_STRICT_OBJC_MSGSEND = YES;
				GCC_C_LANGUAGE_STANDARD = gnu99;
				GCC_WARN_64_TO_32_BIT_CONVERSION = YES;
				GCC_WARN_ABOUT_RETURN_TYPE = YES_ERROR;
				GCC_WARN_UNDECLARED_SELECTOR = YES;
				GCC_WARN_UNINITIALIZED_AUTOS = YES_AGGRESSIVE;
				GCC_WARN_UNUSED_FUNCTION = YES;
				GCC_WARN_UNUSED_VARIABLE = YES;
				IPHONEOS_DEPLOYMENT_TARGET = 8.2;
				MTL_ENABLE_DEBUG_INFO = NO;
				SDKROOT = iphoneos;
				TARGETED_DEVICE_FAMILY = "1,2";
				VALIDATE_PRODUCT = YES;
			};
			name = Release;
		};
		706B4ABE1AB568EA0062BCFD /* Debug */ = {
			isa = XCBuildConfiguration;
			buildSettings = {
				ASSETCATALOG_COMPILER_APPICON_NAME = AppIcon;
				INFOPLIST_FILE = calculator_2/Info.plist;
				LD_RUNPATH_SEARCH_PATHS = "$(inherited) @executable_path/Frameworks";
				PRODUCT_NAME = "$(TARGET_NAME)";
			};
			name = Debug;
		};
		706B4ABF1AB568EA0062BCFD /* Release */ = {
			isa = XCBuildConfiguration;
			buildSettings = {
				ASSETCATALOG_COMPILER_APPICON_NAME = AppIcon;
				INFOPLIST_FILE = calculator_2/Info.plist;
				LD_RUNPATH_SEARCH_PATHS = "$(inherited) @executable_path/Frameworks";
				PRODUCT_NAME = "$(TARGET_NAME)";
			};
			name = Release;
		};
		706B4AC11AB568EA0062BCFD /* Debug */ = {
			isa = XCBuildConfiguration;
			buildSettings = {
				BUNDLE_LOADER = "$(TEST_HOST)";
				FRAMEWORK_SEARCH_PATHS = (
					"$(SDKROOT)/Developer/Library/Frameworks",
					"$(inherited)",
				);
				GCC_PREPROCESSOR_DEFINITIONS = (
					"DEBUG=1",
					"$(inherited)",
				);
				INFOPLIST_FILE = calculator_2Tests/Info.plist;
				LD_RUNPATH_SEARCH_PATHS = "$(inherited) @executable_path/Frameworks @loader_path/Frameworks";
				PRODUCT_NAME = "$(TARGET_NAME)";
				TEST_HOST = "$(BUILT_PRODUCTS_DIR)/calculator_2.app/calculator_2";
			};
			name = Debug;
		};
		706B4AC21AB568EA0062BCFD /* Release */ = {
			isa = XCBuildConfiguration;
			buildSettings = {
				BUNDLE_LOADER = "$(TEST_HOST)";
				FRAMEWORK_SEARCH_PATHS = (
					"$(SDKROOT)/Developer/Library/Frameworks",
					"$(inherited)",
				);
				INFOPLIST_FILE = calculator_2Tests/Info.plist;
				LD_RUNPATH_SEARCH_PATHS = "$(inherited) @executable_path/Frameworks @loader_path/Frameworks";
				PRODUCT_NAME = "$(TARGET_NAME)";
				TEST_HOST = "$(BUILT_PRODUCTS_DIR)/calculator_2.app/calculator_2";
			};
			name = Release;
		};
/* End XCBuildConfiguration section */

/* Begin XCConfigurationList section */
		706B4A991AB568EA0062BCFD /* Build configuration list for PBXProject "calculator_2" */ = {
			isa = XCConfigurationList;
			buildConfigurations = (
				706B4ABB1AB568EA0062BCFD /* Debug */,
				706B4ABC1AB568EA0062BCFD /* Release */,
			);
			defaultConfigurationIsVisible = 0;
			defaultConfigurationName = Release;
		};
		706B4ABD1AB568EA0062BCFD /* Build configuration list for PBXNativeTarget "calculator_2" */ = {
			isa = XCConfigurationList;
			buildConfigurations = (
				706B4ABE1AB568EA0062BCFD /* Debug */,
				706B4ABF1AB568EA0062BCFD /* Release */,
			);
			defaultConfigurationIsVisible = 0;
		};
		706B4AC01AB568EA0062BCFD /* Build configuration list for PBXNativeTarget "calculator_2Tests" */ = {
			isa = XCConfigurationList;
			buildConfigurations = (
				706B4AC11AB568EA0062BCFD /* Debug */,
				706B4AC21AB568EA0062BCFD /* Release */,
			);
			defaultConfigurationIsVisible = 0;
		};
/* End XCConfigurationList section */
	};
	rootObject = 706B4A961AB568EA0062BCFD /* Project object */;
}
